
Microsoft Visual Studio Solution File, Format Version 12.00
# Visual Studio Version 17
VisualStudioVersion = 17.0.31903.59
MinimumVisualStudioVersion = 10.0.40219.1
Project("{FAE04EC0-301F-11D3-BF4B-00C04F79EFBC}") = "Altkom.Shopper.Api", "Altkom.Shopper.Api\Altkom.Shopper.Api.csproj", "{B9FAD91A-5633-4540-89C2-6CF8838D592D}"
EndProject
Project("{FAE04EC0-301F-11D3-BF4B-00C04F79EFBC}") = "Altkom.Shopper.ConsoleClient", "Altkom.Shopper.ConsoleClient\Altkom.Shopper.ConsoleClient.csproj", "{576CEC6C-8601-4CEE-AB97-1F86F5B2417D}"
EndProject
Global
	GlobalSection(SolutionConfigurationPlatforms) = preSolution
		Debug|Any CPU = Debug|Any CPU
		Release|Any CPU = Release|Any CPU
	EndGlobalSection
	GlobalSection(SolutionProperties) = preSolution
		HideSolutionNode = FALSE
	EndGlobalSection
	GlobalSection(ProjectConfigurationPlatforms) = postSolution
		{B9FAD91A-5633-4540-89C2-6CF8838D592D}.Debug|Any CPU.ActiveCfg = Debug|Any CPU
		{B9FAD91A-5633-4540-89C2-6CF8838D592D}.Debug|Any CPU.Build.0 = Debug|Any CPU
		{B9FAD91A-5633-4540-89C2-6CF8838D592D}.Release|Any CPU.ActiveCfg = Release|Any CPU
		{B9FAD91A-5633-4540-89C2-6CF8838D592D}.Release|Any CPU.Build.0 = Release|Any CPU
		{576CEC6C-8601-4CEE-AB97-1F86F5B2417D}.Debug|Any CPU.ActiveCfg = Debug|Any CPU
		{576CEC6C-8601-4CEE-AB97-1F86F5B2417D}.Debug|Any CPU.Build.0 = Debug|Any CPU
		{576CEC6C-8601-4CEE-AB97-1F86F5B2417D}.Release|Any CPU.ActiveCfg = Release|Any CPU
		{576CEC6C-8601-4CEE-AB97-1F86F5B2417D}.Release|Any CPU.Build.0 = Release|Any CPU
	EndGlobalSection
EndGlobal
